// !$*UTF8*$!
{
	archiveVersion = 1;
	classes = {
	};
	objectVersion = 50;
	objects = {

/* Begin PBXBuildFile section */
		4B910CD774EE963CBF961109 /* Pods_budTestApp.framework in Frameworks */ = {isa = PBXBuildFile; fileRef = 6BE8E01FECDAB51D622AC531 /* Pods_budTestApp.framework */; };
		EC9E2E39870008A5DC65778A /* Pods_budTestAppTests.framework in Frameworks */ = {isa = PBXBuildFile; fileRef = 07ADCB7FC0E8E29CC782EB2A /* Pods_budTestAppTests.framework */; };
		EE98924F217910B800996C45 /* AppDelegate.swift in Sources */ = {isa = PBXBuildFile; fileRef = EE98924E217910B800996C45 /* AppDelegate.swift */; };
		EE989251217910B800996C45 /* ViewController.swift in Sources */ = {isa = PBXBuildFile; fileRef = EE989250217910B800996C45 /* ViewController.swift */; };
		EE989254217910B800996C45 /* Main.storyboard in Resources */ = {isa = PBXBuildFile; fileRef = EE989252217910B800996C45 /* Main.storyboard */; };
		EE989256217910B900996C45 /* Assets.xcassets in Resources */ = {isa = PBXBuildFile; fileRef = EE989255217910B900996C45 /* Assets.xcassets */; };
		EE989259217910B900996C45 /* LaunchScreen.storyboard in Resources */ = {isa = PBXBuildFile; fileRef = EE989257217910B900996C45 /* LaunchScreen.storyboard */; };
		EE989264217910B900996C45 /* budTestAppTests.swift in Sources */ = {isa = PBXBuildFile; fileRef = EE989263217910B900996C45 /* budTestAppTests.swift */; };
		EE9892712179160000996C45 /* TransactionListViewController.swift in Sources */ = {isa = PBXBuildFile; fileRef = EE9892702179160000996C45 /* TransactionListViewController.swift */; };
		EE9892742179165D00996C45 /* TransactionListProtocols.swift in Sources */ = {isa = PBXBuildFile; fileRef = EE9892732179165D00996C45 /* TransactionListProtocols.swift */; };
		EE9892772179169B00996C45 /* TransactionListViewModel.swift in Sources */ = {isa = PBXBuildFile; fileRef = EE9892762179169B00996C45 /* TransactionListViewModel.swift */; };
		EE98927A2179177400996C45 /* TransactionListRouter.swift in Sources */ = {isa = PBXBuildFile; fileRef = EE9892792179177400996C45 /* TransactionListRouter.swift */; };
		EE98927C21791A5700996C45 /* TransactionListRouterTests.swift in Sources */ = {isa = PBXBuildFile; fileRef = EE98927B21791A5700996C45 /* TransactionListRouterTests.swift */; };
		EE98927E21791B1600996C45 /* TransactionListViewControllerTests.swift in Sources */ = {isa = PBXBuildFile; fileRef = EE98927D21791B1600996C45 /* TransactionListViewControllerTests.swift */; };
		EE98928121791FAB00996C45 /* TransactionListNetwork.swift in Sources */ = {isa = PBXBuildFile; fileRef = EE98928021791FAB00996C45 /* TransactionListNetwork.swift */; };
		EE9892842179250300996C45 /* TransactionListModel.swift in Sources */ = {isa = PBXBuildFile; fileRef = EE9892832179250300996C45 /* TransactionListModel.swift */; };
		EE989287217929D800996C45 /* MockTransactionListViewModel.swift in Sources */ = {isa = PBXBuildFile; fileRef = EE989286217929D800996C45 /* MockTransactionListViewModel.swift */; };
/* End PBXBuildFile section */

/* Begin PBXContainerItemProxy section */
		EE989260217910B900996C45 /* PBXContainerItemProxy */ = {
			isa = PBXContainerItemProxy;
			containerPortal = EE989243217910B800996C45 /* Project object */;
			proxyType = 1;
			remoteGlobalIDString = EE98924A217910B800996C45;
			remoteInfo = budTestApp;
		};
/* End PBXContainerItemProxy section */

/* Begin PBXFileReference section */
		07ADCB7FC0E8E29CC782EB2A /* Pods_budTestAppTests.framework */ = {isa = PBXFileReference; explicitFileType = wrapper.framework; includeInIndex = 0; path = Pods_budTestAppTests.framework; sourceTree = BUILT_PRODUCTS_DIR; };
		6BE8E01FECDAB51D622AC531 /* Pods_budTestApp.framework */ = {isa = PBXFileReference; explicitFileType = wrapper.framework; includeInIndex = 0; path = Pods_budTestApp.framework; sourceTree = BUILT_PRODUCTS_DIR; };
		7E40BEE0CC0B1B8B1D6BFB1B /* Pods-budTestAppTests.release.xcconfig */ = {isa = PBXFileReference; includeInIndex = 1; lastKnownFileType = text.xcconfig; name = "Pods-budTestAppTests.release.xcconfig"; path = "Pods/Target Support Files/Pods-budTestAppTests/Pods-budTestAppTests.release.xcconfig"; sourceTree = "<group>"; };
		AF117EC45BDD862A77E9E39D /* Pods-budTestAppTests.debug.xcconfig */ = {isa = PBXFileReference; includeInIndex = 1; lastKnownFileType = text.xcconfig; name = "Pods-budTestAppTests.debug.xcconfig"; path = "Pods/Target Support Files/Pods-budTestAppTests/Pods-budTestAppTests.debug.xcconfig"; sourceTree = "<group>"; };
		C924EC483655224F4698FE3A /* Pods-budTestApp.debug.xcconfig */ = {isa = PBXFileReference; includeInIndex = 1; lastKnownFileType = text.xcconfig; name = "Pods-budTestApp.debug.xcconfig"; path = "Pods/Target Support Files/Pods-budTestApp/Pods-budTestApp.debug.xcconfig"; sourceTree = "<group>"; };
		EE98924B217910B800996C45 /* budTestApp.app */ = {isa = PBXFileReference; explicitFileType = wrapper.application; includeInIndex = 0; path = budTestApp.app; sourceTree = BUILT_PRODUCTS_DIR; };
		EE98924E217910B800996C45 /* AppDelegate.swift */ = {isa = PBXFileReference; lastKnownFileType = sourcecode.swift; path = AppDelegate.swift; sourceTree = "<group>"; };
		EE989250217910B800996C45 /* ViewController.swift */ = {isa = PBXFileReference; lastKnownFileType = sourcecode.swift; path = ViewController.swift; sourceTree = "<group>"; };
		EE989253217910B800996C45 /* Base */ = {isa = PBXFileReference; lastKnownFileType = file.storyboard; name = Base; path = Base.lproj/Main.storyboard; sourceTree = "<group>"; };
		EE989255217910B900996C45 /* Assets.xcassets */ = {isa = PBXFileReference; lastKnownFileType = folder.assetcatalog; path = Assets.xcassets; sourceTree = "<group>"; };
		EE989258217910B900996C45 /* Base */ = {isa = PBXFileReference; lastKnownFileType = file.storyboard; name = Base; path = Base.lproj/LaunchScreen.storyboard; sourceTree = "<group>"; };
		EE98925A217910B900996C45 /* Info.plist */ = {isa = PBXFileReference; lastKnownFileType = text.plist.xml; path = Info.plist; sourceTree = "<group>"; };
		EE98925F217910B900996C45 /* budTestAppTests.xctest */ = {isa = PBXFileReference; explicitFileType = wrapper.cfbundle; includeInIndex = 0; path = budTestAppTests.xctest; sourceTree = BUILT_PRODUCTS_DIR; };
		EE989263217910B900996C45 /* budTestAppTests.swift */ = {isa = PBXFileReference; lastKnownFileType = sourcecode.swift; path = budTestAppTests.swift; sourceTree = "<group>"; };
		EE989265217910B900996C45 /* Info.plist */ = {isa = PBXFileReference; lastKnownFileType = text.plist.xml; path = Info.plist; sourceTree = "<group>"; };
		EE9892702179160000996C45 /* TransactionListViewController.swift */ = {isa = PBXFileReference; lastKnownFileType = sourcecode.swift; path = TransactionListViewController.swift; sourceTree = "<group>"; };
		EE9892732179165D00996C45 /* TransactionListProtocols.swift */ = {isa = PBXFileReference; lastKnownFileType = sourcecode.swift; path = TransactionListProtocols.swift; sourceTree = "<group>"; };
		EE9892762179169B00996C45 /* TransactionListViewModel.swift */ = {isa = PBXFileReference; lastKnownFileType = sourcecode.swift; path = TransactionListViewModel.swift; sourceTree = "<group>"; };
		EE9892792179177400996C45 /* TransactionListRouter.swift */ = {isa = PBXFileReference; lastKnownFileType = sourcecode.swift; path = TransactionListRouter.swift; sourceTree = "<group>"; };
		EE98927B21791A5700996C45 /* TransactionListRouterTests.swift */ = {isa = PBXFileReference; lastKnownFileType = sourcecode.swift; path = TransactionListRouterTests.swift; sourceTree = "<group>"; };
		EE98927D21791B1600996C45 /* TransactionListViewControllerTests.swift */ = {isa = PBXFileReference; lastKnownFileType = sourcecode.swift; path = TransactionListViewControllerTests.swift; sourceTree = "<group>"; };
		EE98928021791FAB00996C45 /* TransactionListNetwork.swift */ = {isa = PBXFileReference; lastKnownFileType = sourcecode.swift; path = TransactionListNetwork.swift; sourceTree = "<group>"; };
		EE9892832179250300996C45 /* TransactionListModel.swift */ = {isa = PBXFileReference; lastKnownFileType = sourcecode.swift; path = TransactionListModel.swift; sourceTree = "<group>"; };
		EE989286217929D800996C45 /* MockTransactionListViewModel.swift */ = {isa = PBXFileReference; lastKnownFileType = sourcecode.swift; path = MockTransactionListViewModel.swift; sourceTree = "<group>"; };
		F7F3CDD4ED977575D355D529 /* Pods-budTestApp.release.xcconfig */ = {isa = PBXFileReference; includeInIndex = 1; lastKnownFileType = text.xcconfig; name = "Pods-budTestApp.release.xcconfig"; path = "Pods/Target Support Files/Pods-budTestApp/Pods-budTestApp.release.xcconfig"; sourceTree = "<group>"; };
/* End PBXFileReference section */

/* Begin PBXFrameworksBuildPhase section */
		EE989248217910B800996C45 /* Frameworks */ = {
			isa = PBXFrameworksBuildPhase;
			buildActionMask = 2147483647;
			files = (
				4B910CD774EE963CBF961109 /* Pods_budTestApp.framework in Frameworks */,
			);
			runOnlyForDeploymentPostprocessing = 0;
		};
		EE98925C217910B900996C45 /* Frameworks */ = {
			isa = PBXFrameworksBuildPhase;
			buildActionMask = 2147483647;
			files = (
				EC9E2E39870008A5DC65778A /* Pods_budTestAppTests.framework in Frameworks */,
			);
			runOnlyForDeploymentPostprocessing = 0;
		};
/* End PBXFrameworksBuildPhase section */

/* Begin PBXGroup section */
		27A8343D9DC68DEB657C16D1 /* Pods */ = {
			isa = PBXGroup;
			children = (
				C924EC483655224F4698FE3A /* Pods-budTestApp.debug.xcconfig */,
				F7F3CDD4ED977575D355D529 /* Pods-budTestApp.release.xcconfig */,
				AF117EC45BDD862A77E9E39D /* Pods-budTestAppTests.debug.xcconfig */,
				7E40BEE0CC0B1B8B1D6BFB1B /* Pods-budTestAppTests.release.xcconfig */,
			);
			name = Pods;
			sourceTree = "<group>";
		};
		68FC4819367FD55791266FFE /* Frameworks */ = {
			isa = PBXGroup;
			children = (
				6BE8E01FECDAB51D622AC531 /* Pods_budTestApp.framework */,
				07ADCB7FC0E8E29CC782EB2A /* Pods_budTestAppTests.framework */,
			);
			name = Frameworks;
			sourceTree = "<group>";
		};
		EE989242217910B800996C45 = {
			isa = PBXGroup;
			children = (
				EE98924D217910B800996C45 /* budTestApp */,
				EE989262217910B900996C45 /* budTestAppTests */,
				EE98924C217910B800996C45 /* Products */,
				27A8343D9DC68DEB657C16D1 /* Pods */,
				68FC4819367FD55791266FFE /* Frameworks */,
			);
			sourceTree = "<group>";
		};
		EE98924C217910B800996C45 /* Products */ = {
			isa = PBXGroup;
			children = (
				EE98924B217910B800996C45 /* budTestApp.app */,
				EE98925F217910B900996C45 /* budTestAppTests.xctest */,
			);
			name = Products;
			sourceTree = "<group>";
		};
		EE98924D217910B800996C45 /* budTestApp */ = {
			isa = PBXGroup;
			children = (
				EE98926E2179150100996C45 /* TransactionListScreen */,
				EE98924E217910B800996C45 /* AppDelegate.swift */,
				EE989250217910B800996C45 /* ViewController.swift */,
				EE989252217910B800996C45 /* Main.storyboard */,
				EE989255217910B900996C45 /* Assets.xcassets */,
				EE989257217910B900996C45 /* LaunchScreen.storyboard */,
				EE98925A217910B900996C45 /* Info.plist */,
			);
			path = budTestApp;
			sourceTree = "<group>";
		};
		EE989262217910B900996C45 /* budTestAppTests */ = {
			isa = PBXGroup;
			children = (
				EE989285217929C800996C45 /* Mocks */,
				EE989263217910B900996C45 /* budTestAppTests.swift */,
				EE989265217910B900996C45 /* Info.plist */,
				EE98927B21791A5700996C45 /* TransactionListRouterTests.swift */,
				EE98927D21791B1600996C45 /* TransactionListViewControllerTests.swift */,
			);
			path = budTestAppTests;
			sourceTree = "<group>";
		};
		EE98926E2179150100996C45 /* TransactionListScreen */ = {
			isa = PBXGroup;
			children = (
				EE989282217924DB00996C45 /* Model */,
				EE98927F21791F7700996C45 /* Network */,
				EE9892782179174600996C45 /* Router */,
				EE9892752179168200996C45 /* ViewModel */,
				EE9892722179164500996C45 /* Protocols */,
				EE98926F2179154A00996C45 /* ViewController */,
			);
			path = TransactionListScreen;
			sourceTree = "<group>";
		};
		EE98926F2179154A00996C45 /* ViewController */ = {
			isa = PBXGroup;
			children = (
				EE9892702179160000996C45 /* TransactionListViewController.swift */,
			);
			path = ViewController;
			sourceTree = "<group>";
		};
		EE9892722179164500996C45 /* Protocols */ = {
			isa = PBXGroup;
			children = (
				EE9892732179165D00996C45 /* TransactionListProtocols.swift */,
			);
			path = Protocols;
			sourceTree = "<group>";
		};
		EE9892752179168200996C45 /* ViewModel */ = {
			isa = PBXGroup;
			children = (
				EE9892762179169B00996C45 /* TransactionListViewModel.swift */,
			);
			path = ViewModel;
			sourceTree = "<group>";
		};
		EE9892782179174600996C45 /* Router */ = {
			isa = PBXGroup;
			children = (
				EE9892792179177400996C45 /* TransactionListRouter.swift */,
			);
			path = Router;
			sourceTree = "<group>";
		};
		EE98927F21791F7700996C45 /* Network */ = {
			isa = PBXGroup;
			children = (
				EE98928021791FAB00996C45 /* TransactionListNetwork.swift */,
			);
			path = Network;
			sourceTree = "<group>";
		};
		EE989282217924DB00996C45 /* Model */ = {
			isa = PBXGroup;
			children = (
				EE9892832179250300996C45 /* TransactionListModel.swift */,
			);
			path = Model;
			sourceTree = "<group>";
		};
		EE989285217929C800996C45 /* Mocks */ = {
			isa = PBXGroup;
			children = (
				EE989286217929D800996C45 /* MockTransactionListViewModel.swift */,
			);
			path = Mocks;
			sourceTree = "<group>";
		};
/* End PBXGroup section */

/* Begin PBXNativeTarget section */
		EE98924A217910B800996C45 /* budTestApp */ = {
			isa = PBXNativeTarget;
			buildConfigurationList = EE989268217910B900996C45 /* Build configuration list for PBXNativeTarget "budTestApp" */;
			buildPhases = (
				5044E797EB91C410024356EE /* [CP] Check Pods Manifest.lock */,
				EE989247217910B800996C45 /* Sources */,
				EE989248217910B800996C45 /* Frameworks */,
				EE989249217910B800996C45 /* Resources */,
				C31DE288A754954915C9E32C /* [CP] Embed Pods Frameworks */,
			);
			buildRules = (
			);
			dependencies = (
			);
			name = budTestApp;
			productName = budTestApp;
			productReference = EE98924B217910B800996C45 /* budTestApp.app */;
			productType = "com.apple.product-type.application";
		};
		EE98925E217910B900996C45 /* budTestAppTests */ = {
			isa = PBXNativeTarget;
			buildConfigurationList = EE98926B217910B900996C45 /* Build configuration list for PBXNativeTarget "budTestAppTests" */;
			buildPhases = (
				88D705DD28808F2501E771B5 /* [CP] Check Pods Manifest.lock */,
				EE98925B217910B900996C45 /* Sources */,
				EE98925C217910B900996C45 /* Frameworks */,
				EE98925D217910B900996C45 /* Resources */,
			);
			buildRules = (
			);
			dependencies = (
				EE989261217910B900996C45 /* PBXTargetDependency */,
			);
			name = budTestAppTests;
			productName = budTestAppTests;
			productReference = EE98925F217910B900996C45 /* budTestAppTests.xctest */;
			productType = "com.apple.product-type.bundle.unit-test";
		};
/* End PBXNativeTarget section */

/* Begin PBXProject section */
		EE989243217910B800996C45 /* Project object */ = {
			isa = PBXProject;
			attributes = {
				LastSwiftUpdateCheck = 1000;
				LastUpgradeCheck = 1000;
				ORGANIZATIONNAME = "martin ogg";
				TargetAttributes = {
					EE98924A217910B800996C45 = {
						CreatedOnToolsVersion = 10.0;
					};
					EE98925E217910B900996C45 = {
						CreatedOnToolsVersion = 10.0;
						TestTargetID = EE98924A217910B800996C45;
					};
				};
			};
			buildConfigurationList = EE989246217910B800996C45 /* Build configuration list for PBXProject "budTestApp" */;
			compatibilityVersion = "Xcode 9.3";
			developmentRegion = en;
			hasScannedForEncodings = 0;
			knownRegions = (
				en,
				Base,
			);
			mainGroup = EE989242217910B800996C45;
			productRefGroup = EE98924C217910B800996C45 /* Products */;
			projectDirPath = "";
			projectRoot = "";
			targets = (
				EE98924A217910B800996C45 /* budTestApp */,
				EE98925E217910B900996C45 /* budTestAppTests */,
			);
		};
/* End PBXProject section */

/* Begin PBXResourcesBuildPhase section */
		EE989249217910B800996C45 /* Resources */ = {
			isa = PBXResourcesBuildPhase;
			buildActionMask = 2147483647;
			files = (
				EE989259217910B900996C45 /* LaunchScreen.storyboard in Resources */,
				EE989256217910B900996C45 /* Assets.xcassets in Resources */,
				EE989254217910B800996C45 /* Main.storyboard in Resources */,
			);
			runOnlyForDeploymentPostprocessing = 0;
		};
		EE98925D217910B900996C45 /* Resources */ = {
			isa = PBXResourcesBuildPhase;
			buildActionMask = 2147483647;
			files = (
			);
			runOnlyForDeploymentPostprocessing = 0;
		};
/* End PBXResourcesBuildPhase section */

/* Begin PBXShellScriptBuildPhase section */
		5044E797EB91C410024356EE /* [CP] Check Pods Manifest.lock */ = {
			isa = PBXShellScriptBuildPhase;
			buildActionMask = 2147483647;
			files = (
			);
			inputFileListPaths = (
			);
			inputPaths = (
				"${PODS_PODFILE_DIR_PATH}/Podfile.lock",
				"${PODS_ROOT}/Manifest.lock",
			);
			name = "[CP] Check Pods Manifest.lock";
			outputFileListPaths = (
			);
			outputPaths = (
				"$(DERIVED_FILE_DIR)/Pods-budTestApp-checkManifestLockResult.txt",
			);
			runOnlyForDeploymentPostprocessing = 0;
			shellPath = /bin/sh;
			shellScript = "diff \"${PODS_PODFILE_DIR_PATH}/Podfile.lock\" \"${PODS_ROOT}/Manifest.lock\" > /dev/null\nif [ $? != 0 ] ; then\n    # print error to STDERR\n    echo \"error: The sandbox is not in sync with the Podfile.lock. Run 'pod install' or update your CocoaPods installation.\" >&2\n    exit 1\nfi\n# This output is used by Xcode 'outputs' to avoid re-running this script phase.\necho \"SUCCESS\" > \"${SCRIPT_OUTPUT_FILE_0}\"\n";
			showEnvVarsInLog = 0;
		};
		88D705DD28808F2501E771B5 /* [CP] Check Pods Manifest.lock */ = {
			isa = PBXShellScriptBuildPhase;
			buildActionMask = 2147483647;
			files = (
			);
			inputFileListPaths = (
			);
			inputPaths = (
				"${PODS_PODFILE_DIR_PATH}/Podfile.lock",
				"${PODS_ROOT}/Manifest.lock",
			);
			name = "[CP] Check Pods Manifest.lock";
			outputFileListPaths = (
			);
			outputPaths = (
				"$(DERIVED_FILE_DIR)/Pods-budTestAppTests-checkManifestLockResult.txt",
			);
			runOnlyForDeploymentPostprocessing = 0;
			shellPath = /bin/sh;
			shellScript = "diff \"${PODS_PODFILE_DIR_PATH}/Podfile.lock\" \"${PODS_ROOT}/Manifest.lock\" > /dev/null\nif [ $? != 0 ] ; then\n    # print error to STDERR\n    echo \"error: The sandbox is not in sync with the Podfile.lock. Run 'pod install' or update your CocoaPods installation.\" >&2\n    exit 1\nfi\n# This output is used by Xcode 'outputs' to avoid re-running this script phase.\necho \"SUCCESS\" > \"${SCRIPT_OUTPUT_FILE_0}\"\n";
			showEnvVarsInLog = 0;
		};
		C31DE288A754954915C9E32C /* [CP] Embed Pods Frameworks */ = {
			isa = PBXShellScriptBuildPhase;
			buildActionMask = 2147483647;
			files = (
			);
			inputFileListPaths = (
			);
			inputPaths = (
				"${SRCROOT}/Pods/Target Support Files/Pods-budTestApp/Pods-budTestApp-frameworks.sh",
				"${BUILT_PRODUCTS_DIR}/Alamofire/Alamofire.framework",
				"${BUILT_PRODUCTS_DIR}/AlamofireObjectMapper/AlamofireObjectMapper.framework",
				"${BUILT_PRODUCTS_DIR}/ObjectMapper/ObjectMapper.framework",
			);
			name = "[CP] Embed Pods Frameworks";
			outputFileListPaths = (
			);
			outputPaths = (
				"${TARGET_BUILD_DIR}/${FRAMEWORKS_FOLDER_PATH}/Alamofire.framework",
				"${TARGET_BUILD_DIR}/${FRAMEWORKS_FOLDER_PATH}/AlamofireObjectMapper.framework",
				"${TARGET_BUILD_DIR}/${FRAMEWORKS_FOLDER_PATH}/ObjectMapper.framework",
			);
			runOnlyForDeploymentPostprocessing = 0;
			shellPath = /bin/sh;
			shellScript = "\"${SRCROOT}/Pods/Target Support Files/Pods-budTestApp/Pods-budTestApp-frameworks.sh\"\n";
			showEnvVarsInLog = 0;
		};
/* End PBXShellScriptBuildPhase section */

/* Begin PBXSourcesBuildPhase section */
		EE989247217910B800996C45 /* Sources */ = {
			isa = PBXSourcesBuildPhase;
			buildActionMask = 2147483647;
			files = (
				EE9892842179250300996C45 /* TransactionListModel.swift in Sources */,
				EE9892742179165D00996C45 /* TransactionListProtocols.swift in Sources */,
				EE98928121791FAB00996C45 /* TransactionListNetwork.swift in Sources */,
				EE9892772179169B00996C45 /* TransactionListViewModel.swift in Sources */,
				EE989251217910B800996C45 /* ViewController.swift in Sources */,
				EE9892712179160000996C45 /* TransactionListViewController.swift in Sources */,
				EE98924F217910B800996C45 /* AppDelegate.swift in Sources */,
				EE98927A2179177400996C45 /* TransactionListRouter.swift in Sources */,
			);
			runOnlyForDeploymentPostprocessing = 0;
		};
		EE98925B217910B900996C45 /* Sources */ = {
			isa = PBXSourcesBuildPhase;
			buildActionMask = 2147483647;
			files = (
				EE98927C21791A5700996C45 /* TransactionListRouterTests.swift in Sources */,
				EE989287217929D800996C45 /* MockTransactionListViewModel.swift in Sources */,
				EE989264217910B900996C45 /* budTestAppTests.swift in Sources */,
				EE98927E21791B1600996C45 /* TransactionListViewControllerTests.swift in Sources */,
			);
			runOnlyForDeploymentPostprocessing = 0;
		};
/* End PBXSourcesBuildPhase section */

/* Begin PBXTargetDependency section */
		EE989261217910B900996C45 /* PBXTargetDependency */ = {
			isa = PBXTargetDependency;
			target = EE98924A217910B800996C45 /* budTestApp */;
			targetProxy = EE989260217910B900996C45 /* PBXContainerItemProxy */;
		};
/* End PBXTargetDependency section */

/* Begin PBXVariantGroup section */
		EE989252217910B800996C45 /* Main.storyboard */ = {
			isa = PBXVariantGroup;
			children = (
				EE989253217910B800996C45 /* Base */,
			);
			name = Main.storyboard;
			sourceTree = "<group>";
		};
		EE989257217910B900996C45 /* LaunchScreen.storyboard */ = {
			isa = PBXVariantGroup;
			children = (
				EE989258217910B900996C45 /* Base */,
			);
			name = LaunchScreen.storyboard;
			sourceTree = "<group>";
		};
/* End PBXVariantGroup section */

/* Begin XCBuildConfiguration section */
		EE989266217910B900996C45 /* Debug */ = {
			isa = XCBuildConfiguration;
			buildSettings = {
				ALWAYS_SEARCH_USER_PATHS = NO;
				CLANG_ANALYZER_NONNULL = YES;
				CLANG_ANALYZER_NUMBER_OBJECT_CONVERSION = YES_AGGRESSIVE;
				CLANG_CXX_LANGUAGE_STANDARD = "gnu++14";
				CLANG_CXX_LIBRARY = "libc++";
				CLANG_ENABLE_MODULES = YES;
				CLANG_ENABLE_OBJC_ARC = YES;
				CLANG_ENABLE_OBJC_WEAK = YES;
				CLANG_WARN_BLOCK_CAPTURE_AUTORELEASING = YES;
				CLANG_WARN_BOOL_CONVERSION = YES;
				CLANG_WARN_COMMA = YES;
				CLANG_WARN_CONSTANT_CONVERSION = YES;
				CLANG_WARN_DEPRECATED_OBJC_IMPLEMENTATIONS = YES;
				CLANG_WARN_DIRECT_OBJC_ISA_USAGE = YES_ERROR;
				CLANG_WARN_DOCUMENTATION_COMMENTS = YES;
				CLANG_WARN_EMPTY_BODY = YES;
				CLANG_WARN_ENUM_CONVERSION = YES;
				CLANG_WARN_INFINITE_RECURSION = YES;
				CLANG_WARN_INT_CONVERSION = YES;
				CLANG_WARN_NON_LITERAL_NULL_CONVERSION = YES;
				CLANG_WARN_OBJC_IMPLICIT_RETAIN_SELF = YES;
				CLANG_WARN_OBJC_LITERAL_CONVERSION = YES;
				CLANG_WARN_OBJC_ROOT_CLASS = YES_ERROR;
				CLANG_WARN_RANGE_LOOP_ANALYSIS = YES;
				CLANG_WARN_STRICT_PROTOTYPES = YES;
				CLANG_WARN_SUSPICIOUS_MOVE = YES;
				CLANG_WARN_UNGUARDED_AVAILABILITY = YES_AGGRESSIVE;
				CLANG_WARN_UNREACHABLE_CODE = YES;
				CLANG_WARN__DUPLICATE_METHOD_MATCH = YES;
				CODE_SIGN_IDENTITY = "iPhone Developer";
				COPY_PHASE_STRIP = NO;
				DEBUG_INFORMATION_FORMAT = dwarf;
				ENABLE_STRICT_OBJC_MSGSEND = YES;
				ENABLE_TESTABILITY = YES;
				GCC_C_LANGUAGE_STANDARD = gnu11;
				GCC_DYNAMIC_NO_PIC = NO;
				GCC_NO_COMMON_BLOCKS = YES;
				GCC_OPTIMIZATION_LEVEL = 0;
				GCC_PREPROCESSOR_DEFINITIONS = (
					"DEBUG=1",
					"$(inherited)",
				);
				GCC_WARN_64_TO_32_BIT_CONVERSION = YES;
				GCC_WARN_ABOUT_RETURN_TYPE = YES_ERROR;
				GCC_WARN_UNDECLARED_SELECTOR = YES;
				GCC_WARN_UNINITIALIZED_AUTOS = YES_AGGRESSIVE;
				GCC_WARN_UNUSED_FUNCTION = YES;
				GCC_WARN_UNUSED_VARIABLE = YES;
				IPHONEOS_DEPLOYMENT_TARGET = 12.0;
				MTL_ENABLE_DEBUG_INFO = INCLUDE_SOURCE;
				MTL_FAST_MATH = YES;
				ONLY_ACTIVE_ARCH = YES;
				SDKROOT = iphoneos;
				SWIFT_ACTIVE_COMPILATION_CONDITIONS = DEBUG;
				SWIFT_OPTIMIZATION_LEVEL = "-Onone";
			};
			name = Debug;
		};
		EE989267217910B900996C45 /* Release */ = {
			isa = XCBuildConfiguration;
			buildSettings = {
				ALWAYS_SEARCH_USER_PATHS = NO;
				CLANG_ANALYZER_NONNULL = YES;
				CLANG_ANALYZER_NUMBER_OBJECT_CONVERSION = YES_AGGRESSIVE;
				CLANG_CXX_LANGUAGE_STANDARD = "gnu++14";
				CLANG_CXX_LIBRARY = "libc++";
				CLANG_ENABLE_MODULES = YES;
				CLANG_ENABLE_OBJC_ARC = YES;
				CLANG_ENABLE_OBJC_WEAK = YES;
				CLANG_WARN_BLOCK_CAPTURE_AUTORELEASING = YES;
				CLANG_WARN_BOOL_CONVERSION = YES;
				CLANG_WARN_COMMA = YES;
				CLANG_WARN_CONSTANT_CONVERSION = YES;
				CLANG_WARN_DEPRECATED_OBJC_IMPLEMENTATIONS = YES;
				CLANG_WARN_DIRECT_OBJC_ISA_USAGE = YES_ERROR;
				CLANG_WARN_DOCUMENTATION_COMMENTS = YES;
				CLANG_WARN_EMPTY_BODY = YES;
				CLANG_WARN_ENUM_CONVERSION = YES;
				CLANG_WARN_INFINITE_RECURSION = YES;
				CLANG_WARN_INT_CONVERSION = YES;
				CLANG_WARN_NON_LITERAL_NULL_CONVERSION = YES;
				CLANG_WARN_OBJC_IMPLICIT_RETAIN_SELF = YES;
				CLANG_WARN_OBJC_LITERAL_CONVERSION = YES;
				CLANG_WARN_OBJC_ROOT_CLASS = YES_ERROR;
				CLANG_WARN_RANGE_LOOP_ANALYSIS = YES;
				CLANG_WARN_STRICT_PROTOTYPES = YES;
				CLANG_WARN_SUSPICIOUS_MOVE = YES;
				CLANG_WARN_UNGUARDED_AVAILABILITY = YES_AGGRESSIVE;
				CLANG_WARN_UNREACHABLE_CODE = YES;
				CLANG_WARN__DUPLICATE_METHOD_MATCH = YES;
				CODE_SIGN_IDENTITY = "iPhone Developer";
				COPY_PHASE_STRIP = NO;
				DEBUG_INFORMATION_FORMAT = "dwarf-with-dsym";
				ENABLE_NS_ASSERTIONS = NO;
				ENABLE_STRICT_OBJC_MSGSEND = YES;
				GCC_C_LANGUAGE_STANDARD = gnu11;
				GCC_NO_COMMON_BLOCKS = YES;
				GCC_WARN_64_TO_32_BIT_CONVERSION = YES;
				GCC_WARN_ABOUT_RETURN_TYPE = YES_ERROR;
				GCC_WARN_UNDECLARED_SELECTOR = YES;
				GCC_WARN_UNINITIALIZED_AUTOS = YES_AGGRESSIVE;
				GCC_WARN_UNUSED_FUNCTION = YES;
				GCC_WARN_UNUSED_VARIABLE = YES;
				IPHONEOS_DEPLOYMENT_TARGET = 12.0;
				MTL_ENABLE_DEBUG_INFO = NO;
				MTL_FAST_MATH = YES;
				SDKROOT = iphoneos;
				SWIFT_COMPILATION_MODE = wholemodule;
				SWIFT_OPTIMIZATION_LEVEL = "-O";
				VALIDATE_PRODUCT = YES;
			};
			name = Release;
		};
		EE989269217910B900996C45 /* Debug */ = {
			isa = XCBuildConfiguration;
			baseConfigurationReference = C924EC483655224F4698FE3A /* Pods-budTestApp.debug.xcconfig */;
			buildSettings = {
				ASSETCATALOG_COMPILER_APPICON_NAME = AppIcon;
				CODE_SIGN_STYLE = Automatic;
				INFOPLIST_FILE = budTestApp/Info.plist;
				LD_RUNPATH_SEARCH_PATHS = (
					"$(inherited)",
					"@executable_path/Frameworks",
				);
				PRODUCT_BUNDLE_IDENTIFIER = com.martinogg.budTestApp;
				PRODUCT_NAME = "$(TARGET_NAME)";
				SWIFT_VERSION = 4.2;
				TARGETED_DEVICE_FAMILY = "1,2";
			};
			name = Debug;
		};
		EE98926A217910B900996C45 /* Release */ = {
			isa = XCBuildConfiguration;
			baseConfigurationReference = F7F3CDD4ED977575D355D529 /* Pods-budTestApp.release.xcconfig */;
			buildSettings = {
				ASSETCATALOG_COMPILER_APPICON_NAME = AppIcon;
				CODE_SIGN_STYLE = Automatic;
				INFOPLIST_FILE = budTestApp/Info.plist;
				LD_RUNPATH_SEARCH_PATHS = (
					"$(inherited)",
					"@executable_path/Frameworks",
				);
				PRODUCT_BUNDLE_IDENTIFIER = com.martinogg.budTestApp;
				PRODUCT_NAME = "$(TARGET_NAME)";
				SWIFT_VERSION = 4.2;
				TARGETED_DEVICE_FAMILY = "1,2";
			};
			name = Release;
		};
		EE98926C217910B900996C45 /* Debug */ = {
			isa = XCBuildConfiguration;
			baseConfigurationReference = AF117EC45BDD862A77E9E39D /* Pods-budTestAppTests.debug.xcconfig */;
			buildSettings = {
				ALWAYS_EMBED_SWIFT_STANDARD_LIBRARIES = YES;
				BUNDLE_LOADER = "$(TEST_HOST)";
				CODE_SIGN_STYLE = Automatic;
				INFOPLIST_FILE = budTestAppTests/Info.plist;
				LD_RUNPATH_SEARCH_PATHS = (
					"$(inherited)",
					"@executable_path/Frameworks",
					"@loader_path/Frameworks",
				);
				PRODUCT_BUNDLE_IDENTIFIER = com.martinogg.budTestAppTests;
				PRODUCT_NAME = "$(TARGET_NAME)";
				SWIFT_VERSION = 4.2;
				TARGETED_DEVICE_FAMILY = "1,2";
				TEST_HOST = "$(BUILT_PRODUCTS_DIR)/budTestApp.app/budTestApp";
			};
			name = Debug;
		};
		EE98926D217910B900996C45 /* Release */ = {
			isa = XCBuildConfiguration;
			baseConfigurationReference = 7E40BEE0CC0B1B8B1D6BFB1B /* Pods-budTestAppTests.release.xcconfig */;
			buildSettings = {
				ALWAYS_EMBED_SWIFT_STANDARD_LIBRARIES = YES;
				BUNDLE_LOADER = "$(TEST_HOST)";
				CODE_SIGN_STYLE = Automatic;
				INFOPLIST_FILE = budTestAppTests/Info.plist;
				LD_RUNPATH_SEARCH_PATHS = (
					"$(inherited)",
					"@executable_path/Frameworks",
					"@loader_path/Frameworks",
				);
				PRODUCT_BUNDLE_IDENTIFIER = com.martinogg.budTestAppTests;
				PRODUCT_NAME = "$(TARGET_NAME)";
				SWIFT_VERSION = 4.2;
				TARGETED_DEVICE_FAMILY = "1,2";
				TEST_HOST = "$(BUILT_PRODUCTS_DIR)/budTestApp.app/budTestApp";
			};
			name = Release;
		};
/* End XCBuildConfiguration section */

/* Begin XCConfigurationList section */
		EE989246217910B800996C45 /* Build configuration list for PBXProject "budTestApp" */ = {
			isa = XCConfigurationList;
			buildConfigurations = (
				EE989266217910B900996C45 /* Debug */,
				EE989267217910B900996C45 /* Release */,
			);
			defaultConfigurationIsVisible = 0;
			defaultConfigurationName = Release;
		};
		EE989268217910B900996C45 /* Build configuration list for PBXNativeTarget "budTestApp" */ = {
			isa = XCConfigurationList;
			buildConfigurations = (
				EE989269217910B900996C45 /* Debug */,
				EE98926A217910B900996C45 /* Release */,
			);
			defaultConfigurationIsVisible = 0;
			defaultConfigurationName = Release;
		};
		EE98926B217910B900996C45 /* Build configuration list for PBXNativeTarget "budTestAppTests" */ = {
			isa = XCConfigurationList;
			buildConfigurations = (
				EE98926C217910B900996C45 /* Debug */,
				EE98926D217910B900996C45 /* Release */,
			);
			defaultConfigurationIsVisible = 0;
			defaultConfigurationName = Release;
		};
/* End XCConfigurationList section */
	};
	rootObject = EE989243217910B800996C45 /* Project object */;
}
